// !$*UTF8*$!
{
	archiveVersion = 1;
	classes = {
	};
	objectVersion = 56;
	objects = {

/* Begin PBXBuildFile section */
		507431342C262EB500EE5B97 /* SuccessQuotesApp.swift in Sources */ = {isa = PBXBuildFile; fileRef = 507431332C262EB500EE5B97 /* SuccessQuotesApp.swift */; };
		507431382C262EB600EE5B97 /* Assets.xcassets in Resources */ = {isa = PBXBuildFile; fileRef = 507431372C262EB600EE5B97 /* Assets.xcassets */; };
		5074313B2C262EB600EE5B97 /* Preview Assets.xcassets in Resources */ = {isa = PBXBuildFile; fileRef = 5074313A2C262EB600EE5B97 /* Preview Assets.xcassets */; };
		507431452C262EE200EE5B97 /* SwipeView.swift in Sources */ = {isa = PBXBuildFile; fileRef = 507431442C262EE200EE5B97 /* SwipeView.swift */; };
		5074314A2C26323200EE5B97 /* quotes.json in Resources */ = {isa = PBXBuildFile; fileRef = 507431492C26323200EE5B97 /* quotes.json */; };
		5074314D2C2632DD00EE5B97 /* JSONDecoder.swift in Sources */ = {isa = PBXBuildFile; fileRef = 5074314C2C2632DD00EE5B97 /* JSONDecoder.swift */; };
		507431522C26373D00EE5B97 /* AuthorListViewModel.swift in Sources */ = {isa = PBXBuildFile; fileRef = 507431512C26373D00EE5B97 /* AuthorListViewModel.swift */; };
		507431542C26375C00EE5B97 /* AuthorsListView.swift in Sources */ = {isa = PBXBuildFile; fileRef = 507431532C26375C00EE5B97 /* AuthorsListView.swift */; };
		507431572C27172300EE5B97 /* ModalSizes.swift in Sources */ = {isa = PBXBuildFile; fileRef = 507431562C27172300EE5B97 /* ModalSizes.swift */; };
		5074315C2C27177000EE5B97 /* CategoriesView.swift in Sources */ = {isa = PBXBuildFile; fileRef = 5074315B2C27177000EE5B97 /* CategoriesView.swift */; };
		5074315E2C2717FD00EE5B97 /* UIConstants.swift in Sources */ = {isa = PBXBuildFile; fileRef = 5074315D2C2717FD00EE5B97 /* UIConstants.swift */; };
/* End PBXBuildFile section */

/* Begin PBXFileReference section */
		507431302C262EB500EE5B97 /* SuccessQuotes.app */ = {isa = PBXFileReference; explicitFileType = wrapper.application; includeInIndex = 0; path = SuccessQuotes.app; sourceTree = BUILT_PRODUCTS_DIR; };
		507431332C262EB500EE5B97 /* SuccessQuotesApp.swift */ = {isa = PBXFileReference; lastKnownFileType = sourcecode.swift; path = SuccessQuotesApp.swift; sourceTree = "<group>"; };
		507431372C262EB600EE5B97 /* Assets.xcassets */ = {isa = PBXFileReference; lastKnownFileType = folder.assetcatalog; path = Assets.xcassets; sourceTree = "<group>"; };
		5074313A2C262EB600EE5B97 /* Preview Assets.xcassets */ = {isa = PBXFileReference; lastKnownFileType = folder.assetcatalog; path = "Preview Assets.xcassets"; sourceTree = "<group>"; };
		507431442C262EE200EE5B97 /* SwipeView.swift */ = {isa = PBXFileReference; lastKnownFileType = sourcecode.swift; path = SwipeView.swift; sourceTree = "<group>"; };
		507431492C26323200EE5B97 /* quotes.json */ = {isa = PBXFileReference; lastKnownFileType = text.json; path = quotes.json; sourceTree = "<group>"; };
		5074314C2C2632DD00EE5B97 /* JSONDecoder.swift */ = {isa = PBXFileReference; lastKnownFileType = sourcecode.swift; path = JSONDecoder.swift; sourceTree = "<group>"; };
		507431512C26373D00EE5B97 /* AuthorListViewModel.swift */ = {isa = PBXFileReference; lastKnownFileType = sourcecode.swift; path = AuthorListViewModel.swift; sourceTree = "<group>"; };
		507431532C26375C00EE5B97 /* AuthorsListView.swift */ = {isa = PBXFileReference; lastKnownFileType = sourcecode.swift; path = AuthorsListView.swift; sourceTree = "<group>"; };
		507431562C27172300EE5B97 /* ModalSizes.swift */ = {isa = PBXFileReference; lastKnownFileType = sourcecode.swift; path = ModalSizes.swift; sourceTree = "<group>"; };
		5074315B2C27177000EE5B97 /* CategoriesView.swift */ = {isa = PBXFileReference; lastKnownFileType = sourcecode.swift; path = CategoriesView.swift; sourceTree = "<group>"; };
		5074315D2C2717FD00EE5B97 /* UIConstants.swift */ = {isa = PBXFileReference; lastKnownFileType = sourcecode.swift; path = UIConstants.swift; sourceTree = "<group>"; };
/* End PBXFileReference section */

/* Begin PBXFrameworksBuildPhase section */
		5074312D2C262EB500EE5B97 /* Frameworks */ = {
			isa = PBXFrameworksBuildPhase;
			buildActionMask = 2147483647;
			files = (
			);
			runOnlyForDeploymentPostprocessing = 0;
		};
/* End PBXFrameworksBuildPhase section */

/* Begin PBXGroup section */
		507431272C262EB500EE5B97 = {
			isa = PBXGroup;
			children = (
				507431332C262EB500EE5B97 /* SuccessQuotesApp.swift */,
				507431312C262EB500EE5B97 /* Products */,
				507431322C262EB500EE5B97 /* SuccessQuotes */,
			);
			sourceTree = "<group>";
		};
		507431312C262EB500EE5B97 /* Products */ = {
			isa = PBXGroup;
			children = (
				507431302C262EB500EE5B97 /* SuccessQuotes.app */,
			);
			name = Products;
			sourceTree = "<group>";
		};
		507431322C262EB500EE5B97 /* SuccessQuotes */ = {
			isa = PBXGroup;
			children = (
				507431552C27171700EE5B97 /* Constants */,
				5074314B2C2632D600EE5B97 /* Managers */,
				507431462C2631EE00EE5B97 /* Data */,
				507431412C262ECA00EE5B97 /* Core */,
				507431422C262ECC00EE5B97 /* Tools */,
				507431372C262EB600EE5B97 /* Assets.xcassets */,
				507431392C262EB600EE5B97 /* Preview Content */,
			);
			path = SuccessQuotes;
			sourceTree = "<group>";
		};
		507431392C262EB600EE5B97 /* Preview Content */ = {
			isa = PBXGroup;
			children = (
				5074313A2C262EB600EE5B97 /* Preview Assets.xcassets */,
			);
			path = "Preview Content";
			sourceTree = "<group>";
		};
		507431412C262ECA00EE5B97 /* Core */ = {
			isa = PBXGroup;
			children = (
				507431582C27175D00EE5B97 /* Categories */,
				5074314E2C26371F00EE5B97 /* AuthorListView */,
				507431432C262ED300EE5B97 /* SwipeView */,
			);
			path = Core;
			sourceTree = "<group>";
		};
		507431422C262ECC00EE5B97 /* Tools */ = {
			isa = PBXGroup;
			children = (
			);
			path = Tools;
			sourceTree = "<group>";
		};
		507431432C262ED300EE5B97 /* SwipeView */ = {
			isa = PBXGroup;
			children = (
				507431442C262EE200EE5B97 /* SwipeView.swift */,
			);
			path = SwipeView;
			sourceTree = "<group>";
		};
		507431462C2631EE00EE5B97 /* Data */ = {
			isa = PBXGroup;
			children = (
				507431482C2631FC00EE5B97 /* QuotesJSON */,
				507431472C2631F900EE5B97 /* Model */,
			);
			path = Data;
			sourceTree = "<group>";
		};
		507431472C2631F900EE5B97 /* Model */ = {
			isa = PBXGroup;
			children = (
			);
			path = Model;
			sourceTree = "<group>";
		};
		507431482C2631FC00EE5B97 /* QuotesJSON */ = {
			isa = PBXGroup;
			children = (
				507431492C26323200EE5B97 /* quotes.json */,
			);
			path = QuotesJSON;
			sourceTree = "<group>";
		};
		5074314B2C2632D600EE5B97 /* Managers */ = {
			isa = PBXGroup;
			children = (
				5074314C2C2632DD00EE5B97 /* JSONDecoder.swift */,
			);
			path = Managers;
			sourceTree = "<group>";
		};
		5074314E2C26371F00EE5B97 /* AuthorListView */ = {
			isa = PBXGroup;
			children = (
				507431502C26373300EE5B97 /* ViewModel */,
				5074314F2C26372F00EE5B97 /* View */,
			);
			path = AuthorListView;
			sourceTree = "<group>";
		};
		5074314F2C26372F00EE5B97 /* View */ = {
			isa = PBXGroup;
			children = (
				507431532C26375C00EE5B97 /* AuthorsListView.swift */,
			);
			path = View;
			sourceTree = "<group>";
		};
		507431502C26373300EE5B97 /* ViewModel */ = {
			isa = PBXGroup;
			children = (
				507431512C26373D00EE5B97 /* AuthorListViewModel.swift */,
			);
			path = ViewModel;
			sourceTree = "<group>";
		};
		507431552C27171700EE5B97 /* Constants */ = {
			isa = PBXGroup;
			children = (
				507431562C27172300EE5B97 /* ModalSizes.swift */,
				5074315D2C2717FD00EE5B97 /* UIConstants.swift */,
			);
			path = Constants;
			sourceTree = "<group>";
		};
		507431582C27175D00EE5B97 /* Categories */ = {
			isa = PBXGroup;
			children = (
				5074315A2C27176300EE5B97 /* ViewModel */,
				507431592C27176100EE5B97 /* View */,
			);
			path = Categories;
			sourceTree = "<group>";
		};
		507431592C27176100EE5B97 /* View */ = {
			isa = PBXGroup;
			children = (
				5074315B2C27177000EE5B97 /* CategoriesView.swift */,
			);
			path = View;
			sourceTree = "<group>";
		};
		5074315A2C27176300EE5B97 /* ViewModel */ = {
			isa = PBXGroup;
			children = (
			);
			path = ViewModel;
			sourceTree = "<group>";
		};
/* End PBXGroup section */

/* Begin PBXNativeTarget section */
		5074312F2C262EB500EE5B97 /* SuccessQuotes */ = {
			isa = PBXNativeTarget;
			buildConfigurationList = 5074313E2C262EB600EE5B97 /* Build configuration list for PBXNativeTarget "SuccessQuotes" */;
			buildPhases = (
				5074312C2C262EB500EE5B97 /* Sources */,
				5074312D2C262EB500EE5B97 /* Frameworks */,
				5074312E2C262EB500EE5B97 /* Resources */,
			);
			buildRules = (
			);
			dependencies = (
			);
			name = SuccessQuotes;
			productName = SuccessQuotes;
			productReference = 507431302C262EB500EE5B97 /* SuccessQuotes.app */;
			productType = "com.apple.product-type.application";
		};
/* End PBXNativeTarget section */

/* Begin PBXProject section */
		507431282C262EB500EE5B97 /* Project object */ = {
			isa = PBXProject;
			attributes = {
				BuildIndependentTargetsInParallel = 1;
				LastSwiftUpdateCheck = 1540;
				LastUpgradeCheck = 1540;
				TargetAttributes = {
					5074312F2C262EB500EE5B97 = {
						CreatedOnToolsVersion = 15.4;
					};
				};
			};
			buildConfigurationList = 5074312B2C262EB500EE5B97 /* Build configuration list for PBXProject "SuccessQuotes" */;
			compatibilityVersion = "Xcode 14.0";
			developmentRegion = en;
			hasScannedForEncodings = 0;
			knownRegions = (
				en,
				Base,
			);
			mainGroup = 507431272C262EB500EE5B97;
			productRefGroup = 507431312C262EB500EE5B97 /* Products */;
			projectDirPath = "";
			projectRoot = "";
			targets = (
				5074312F2C262EB500EE5B97 /* SuccessQuotes */,
			);
		};
/* End PBXProject section */

/* Begin PBXResourcesBuildPhase section */
		5074312E2C262EB500EE5B97 /* Resources */ = {
			isa = PBXResourcesBuildPhase;
			buildActionMask = 2147483647;
			files = (
				5074313B2C262EB600EE5B97 /* Preview Assets.xcassets in Resources */,
				5074314A2C26323200EE5B97 /* quotes.json in Resources */,
				507431382C262EB600EE5B97 /* Assets.xcassets in Resources */,
			);
			runOnlyForDeploymentPostprocessing = 0;
		};
/* End PBXResourcesBuildPhase section */

/* Begin PBXSourcesBuildPhase section */
		5074312C2C262EB500EE5B97 /* Sources */ = {
			isa = PBXSourcesBuildPhase;
			buildActionMask = 2147483647;
			files = (
				507431572C27172300EE5B97 /* ModalSizes.swift in Sources */,
				5074315C2C27177000EE5B97 /* CategoriesView.swift in Sources */,
				507431522C26373D00EE5B97 /* AuthorListViewModel.swift in Sources */,
				5074314D2C2632DD00EE5B97 /* JSONDecoder.swift in Sources */,
				507431452C262EE200EE5B97 /* SwipeView.swift in Sources */,
				507431542C26375C00EE5B97 /* AuthorsListView.swift in Sources */,
				507431342C262EB500EE5B97 /* SuccessQuotesApp.swift in Sources */,
				5074315E2C2717FD00EE5B97 /* UIConstants.swift in Sources */,
			);
			runOnlyForDeploymentPostprocessing = 0;
		};
/* End PBXSourcesBuildPhase section */

/* Begin XCBuildConfiguration section */
		5074313C2C262EB600EE5B97 /* Debug */ = {
			isa = XCBuildConfiguration;
			buildSettings = {
				ALWAYS_SEARCH_USER_PATHS = NO;
				ASSETCATALOG_COMPILER_GENERATE_SWIFT_ASSET_SYMBOL_EXTENSIONS = YES;
				CLANG_ANALYZER_NONNULL = YES;
				CLANG_ANALYZER_NUMBER_OBJECT_CONVERSION = YES_AGGRESSIVE;
				CLANG_CXX_LANGUAGE_STANDARD = "gnu++20";
				CLANG_ENABLE_MODULES = YES;
				CLANG_ENABLE_OBJC_ARC = YES;
				CLANG_ENABLE_OBJC_WEAK = YES;
				CLANG_WARN_BLOCK_CAPTURE_AUTORELEASING = YES;
				CLANG_WARN_BOOL_CONVERSION = YES;
				CLANG_WARN_COMMA = YES;
				CLANG_WARN_CONSTANT_CONVERSION = YES;
				CLANG_WARN_DEPRECATED_OBJC_IMPLEMENTATIONS = YES;
				CLANG_WARN_DIRECT_OBJC_ISA_USAGE = YES_ERROR;
				CLANG_WARN_DOCUMENTATION_COMMENTS = YES;
				CLANG_WARN_EMPTY_BODY = YES;
				CLANG_WARN_ENUM_CONVERSION = YES;
				CLANG_WARN_INFINITE_RECURSION = YES;
				CLANG_WARN_INT_CONVERSION = YES;
				CLANG_WARN_NON_LITERAL_NULL_CONVERSION = YES;
				CLANG_WARN_OBJC_IMPLICIT_RETAIN_SELF = YES;
				CLANG_WARN_OBJC_LITERAL_CONVERSION = YES;
				CLANG_WARN_OBJC_ROOT_CLASS = YES_ERROR;
				CLANG_WARN_QUOTED_INCLUDE_IN_FRAMEWORK_HEADER = YES;
				CLANG_WARN_RANGE_LOOP_ANALYSIS = YES;
				CLANG_WARN_STRICT_PROTOTYPES = YES;
				CLANG_WARN_SUSPICIOUS_MOVE = YES;
				CLANG_WARN_UNGUARDED_AVAILABILITY = YES_AGGRESSIVE;
				CLANG_WARN_UNREACHABLE_CODE = YES;
				CLANG_WARN__DUPLICATE_METHOD_MATCH = YES;
				COPY_PHASE_STRIP = NO;
				DEBUG_INFORMATION_FORMAT = dwarf;
				ENABLE_STRICT_OBJC_MSGSEND = YES;
				ENABLE_TESTABILITY = YES;
				ENABLE_USER_SCRIPT_SANDBOXING = YES;
				GCC_C_LANGUAGE_STANDARD = gnu17;
				GCC_DYNAMIC_NO_PIC = NO;
				GCC_NO_COMMON_BLOCKS = YES;
				GCC_OPTIMIZATION_LEVEL = 0;
				GCC_PREPROCESSOR_DEFINITIONS = (
					"DEBUG=1",
					"$(inherited)",
				);
				GCC_WARN_64_TO_32_BIT_CONVERSION = YES;
				GCC_WARN_ABOUT_RETURN_TYPE = YES_ERROR;
				GCC_WARN_UNDECLARED_SELECTOR = YES;
				GCC_WARN_UNINITIALIZED_AUTOS = YES_AGGRESSIVE;
				GCC_WARN_UNUSED_FUNCTION = YES;
				GCC_WARN_UNUSED_VARIABLE = YES;
				IPHONEOS_DEPLOYMENT_TARGET = 17.5;
				LOCALIZATION_PREFERS_STRING_CATALOGS = YES;
				MTL_ENABLE_DEBUG_INFO = INCLUDE_SOURCE;
				MTL_FAST_MATH = YES;
				ONLY_ACTIVE_ARCH = YES;
				SDKROOT = iphoneos;
				SWIFT_ACTIVE_COMPILATION_CONDITIONS = "DEBUG $(inherited)";
				SWIFT_OPTIMIZATION_LEVEL = "-Onone";
			};
			name = Debug;
		};
		5074313D2C262EB600EE5B97 /* Release */ = {
			isa = XCBuildConfiguration;
			buildSettings = {
				ALWAYS_SEARCH_USER_PATHS = NO;
				ASSETCATALOG_COMPILER_GENERATE_SWIFT_ASSET_SYMBOL_EXTENSIONS = YES;
				CLANG_ANALYZER_NONNULL = YES;
				CLANG_ANALYZER_NUMBER_OBJECT_CONVERSION = YES_AGGRESSIVE;
				CLANG_CXX_LANGUAGE_STANDARD = "gnu++20";
				CLANG_ENABLE_MODULES = YES;
				CLANG_ENABLE_OBJC_ARC = YES;
				CLANG_ENABLE_OBJC_WEAK = YES;
				CLANG_WARN_BLOCK_CAPTURE_AUTORELEASING = YES;
				CLANG_WARN_BOOL_CONVERSION = YES;
				CLANG_WARN_COMMA = YES;
				CLANG_WARN_CONSTANT_CONVERSION = YES;
				CLANG_WARN_DEPRECATED_OBJC_IMPLEMENTATIONS = YES;
				CLANG_WARN_DIRECT_OBJC_ISA_USAGE = YES_ERROR;
				CLANG_WARN_DOCUMENTATION_COMMENTS = YES;
				CLANG_WARN_EMPTY_BODY = YES;
				CLANG_WARN_ENUM_CONVERSION = YES;
				CLANG_WARN_INFINITE_RECURSION = YES;
				CLANG_WARN_INT_CONVERSION = YES;
				CLANG_WARN_NON_LITERAL_NULL_CONVERSION = YES;
				CLANG_WARN_OBJC_IMPLICIT_RETAIN_SELF = YES;
				CLANG_WARN_OBJC_LITERAL_CONVERSION = YES;
				CLANG_WARN_OBJC_ROOT_CLASS = YES_ERROR;
				CLANG_WARN_QUOTED_INCLUDE_IN_FRAMEWORK_HEADER = YES;
				CLANG_WARN_RANGE_LOOP_ANALYSIS = YES;
				CLANG_WARN_STRICT_PROTOTYPES = YES;
				CLANG_WARN_SUSPICIOUS_MOVE = YES;
				CLANG_WARN_UNGUARDED_AVAILABILITY = YES_AGGRESSIVE;
				CLANG_WARN_UNREACHABLE_CODE = YES;
				CLANG_WARN__DUPLICATE_METHOD_MATCH = YES;
				COPY_PHASE_STRIP = NO;
				DEBUG_INFORMATION_FORMAT = "dwarf-with-dsym";
				ENABLE_NS_ASSERTIONS = NO;
				ENABLE_STRICT_OBJC_MSGSEND = YES;
				ENABLE_USER_SCRIPT_SANDBOXING = YES;
				GCC_C_LANGUAGE_STANDARD = gnu17;
				GCC_NO_COMMON_BLOCKS = YES;
				GCC_WARN_64_TO_32_BIT_CONVERSION = YES;
				GCC_WARN_ABOUT_RETURN_TYPE = YES_ERROR;
				GCC_WARN_UNDECLARED_SELECTOR = YES;
				GCC_WARN_UNINITIALIZED_AUTOS = YES_AGGRESSIVE;
				GCC_WARN_UNUSED_FUNCTION = YES;
				GCC_WARN_UNUSED_VARIABLE = YES;
				IPHONEOS_DEPLOYMENT_TARGET = 17.5;
				LOCALIZATION_PREFERS_STRING_CATALOGS = YES;
				MTL_ENABLE_DEBUG_INFO = NO;
				MTL_FAST_MATH = YES;
				SDKROOT = iphoneos;
				SWIFT_COMPILATION_MODE = wholemodule;
				VALIDATE_PRODUCT = YES;
			};
			name = Release;
		};
		5074313F2C262EB600EE5B97 /* Debug */ = {
			isa = XCBuildConfiguration;
			buildSettings = {
				ASSETCATALOG_COMPILER_APPICON_NAME = AppIcon;
				ASSETCATALOG_COMPILER_GLOBAL_ACCENT_COLOR_NAME = AccentColor;
				CODE_SIGN_STYLE = Automatic;
				CURRENT_PROJECT_VERSION = 1;
				DEVELOPMENT_ASSET_PATHS = "\"SuccessQuotes/Preview Content\"";
				DEVELOPMENT_TEAM = YA24P24868;
				ENABLE_PREVIEWS = YES;
				GENERATE_INFOPLIST_FILE = YES;
				INFOPLIST_KEY_UIApplicationSceneManifest_Generation = YES;
				INFOPLIST_KEY_UIApplicationSupportsIndirectInputEvents = YES;
				INFOPLIST_KEY_UILaunchScreen_Generation = YES;
				INFOPLIST_KEY_UISupportedInterfaceOrientations_iPad = "UIInterfaceOrientationPortrait UIInterfaceOrientationPortraitUpsideDown UIInterfaceOrientationLandscapeLeft UIInterfaceOrientationLandscapeRight";
				INFOPLIST_KEY_UISupportedInterfaceOrientations_iPhone = "UIInterfaceOrientationPortrait UIInterfaceOrientationLandscapeLeft UIInterfaceOrientationLandscapeRight";
				LD_RUNPATH_SEARCH_PATHS = (
					"$(inherited)",
					"@executable_path/Frameworks",
				);
				MARKETING_VERSION = 1.0;
				PRODUCT_BUNDLE_IDENTIFIER = com.cortex.SuccessQuotes;
				PRODUCT_NAME = "$(TARGET_NAME)";
				SWIFT_EMIT_LOC_STRINGS = YES;
				SWIFT_VERSION = 5.0;
				TARGETED_DEVICE_FAMILY = "1,2";
			};
			name = Debug;
		};
		507431402C262EB600EE5B97 /* Release */ = {
			isa = XCBuildConfiguration;
			buildSettings = {
				ASSETCATALOG_COMPILER_APPICON_NAME = AppIcon;
				ASSETCATALOG_COMPILER_GLOBAL_ACCENT_COLOR_NAME = AccentColor;
				CODE_SIGN_STYLE = Automatic;
				CURRENT_PROJECT_VERSION = 1;
				DEVELOPMENT_ASSET_PATHS = "\"SuccessQuotes/Preview Content\"";
				DEVELOPMENT_TEAM = YA24P24868;
				ENABLE_PREVIEWS = YES;
				GENERATE_INFOPLIST_FILE = YES;
				INFOPLIST_KEY_UIApplicationSceneManifest_Generation = YES;
				INFOPLIST_KEY_UIApplicationSupportsIndirectInputEvents = YES;
				INFOPLIST_KEY_UILaunchScreen_Generation = YES;
				INFOPLIST_KEY_UISupportedInterfaceOrientations_iPad = "UIInterfaceOrientationPortrait UIInterfaceOrientationPortraitUpsideDown UIInterfaceOrientationLandscapeLeft UIInterfaceOrientationLandscapeRight";
				INFOPLIST_KEY_UISupportedInterfaceOrientations_iPhone = "UIInterfaceOrientationPortrait UIInterfaceOrientationLandscapeLeft UIInterfaceOrientationLandscapeRight";
				LD_RUNPATH_SEARCH_PATHS = (
					"$(inherited)",
					"@executable_path/Frameworks",
				);
				MARKETING_VERSION = 1.0;
				PRODUCT_BUNDLE_IDENTIFIER = com.cortex.SuccessQuotes;
				PRODUCT_NAME = "$(TARGET_NAME)";
				SWIFT_EMIT_LOC_STRINGS = YES;
				SWIFT_VERSION = 5.0;
				TARGETED_DEVICE_FAMILY = "1,2";
			};
			name = Release;
		};
/* End XCBuildConfiguration section */

/* Begin XCConfigurationList section */
		5074312B2C262EB500EE5B97 /* Build configuration list for PBXProject "SuccessQuotes" */ = {
			isa = XCConfigurationList;
			buildConfigurations = (
				5074313C2C262EB600EE5B97 /* Debug */,
				5074313D2C262EB600EE5B97 /* Release */,
			);
			defaultConfigurationIsVisible = 0;
			defaultConfigurationName = Release;
		};
		5074313E2C262EB600EE5B97 /* Build configuration list for PBXNativeTarget "SuccessQuotes" */ = {
			isa = XCConfigurationList;
			buildConfigurations = (
				5074313F2C262EB600EE5B97 /* Debug */,
				507431402C262EB600EE5B97 /* Release */,
			);
			defaultConfigurationIsVisible = 0;
			defaultConfigurationName = Release;
		};
/* End XCConfigurationList section */
	};
	rootObject = 507431282C262EB500EE5B97 /* Project object */;
}
